
Microsoft Visual Studio Solution File, Format Version 12.00
# Visual Studio Version 18
VisualStudioVersion = 18.4.11626.88 stable
MinimumVisualStudioVersion = 10.0.40219.1
Project("{FAE04EC0-301F-11D3-BF4B-00C04F79EFBC}") = "FinanceTracker", "FinanceTracker\FinanceTracker.csproj", "{433AAE41-94C6-C6D4-A28E-F8D81556D54D}"
EndProject
Global
	GlobalSection(SolutionConfigurationPlatforms) = preSolution
		Debug|Any CPU = Debug|Any CPU
		Release|Any CPU = Release|Any CPU
	EndGlobalSection
	GlobalSection(ProjectConfigurationPlatforms) = postSolution
		{433AAE41-94C6-C6D4-A28E-F8D81556D54D}.Debug|Any CPU.ActiveCfg = Debug|Any CPU
		{433AAE41-94C6-C6D4-A28E-F8D81556D54D}.Debug|Any CPU.Build.0 = Debug|Any CPU
		{433AAE41-94C6-C6D4-A28E-F8D81556D54D}.Release|Any CPU.ActiveCfg = Release|Any CPU
		{433AAE41-94C6-C6D4-A28E-F8D81556D54D}.Release|Any CPU.Build.0 = Release|Any CPU
	EndGlobalSection
	GlobalSection(SolutionProperties) = preSolution
		HideSolutionNode = FALSE
	EndGlobalSection
	GlobalSection(ExtensibilityGlobals) = postSolution
		SolutionGuid = {3F0F8564-B8D2-4DFE-A8CD-CDCC39EAF935}
	EndGlobalSection
EndGlobal
